// !$*UTF8*$!
{
	archiveVersion = 1;
	classes = {
	};
	objectVersion = 51;
	objects = {

/* Begin PBXBuildFile section */
		76184EAB25CFFCBE002102E9 /* CourseVC.swift in Sources */ = {isa = PBXBuildFile; fileRef = 76184EAA25CFFCBE002102E9 /* CourseVC.swift */; };
		76184EAE25CFFCCA002102E9 /* ManualVC.swift in Sources */ = {isa = PBXBuildFile; fileRef = 76184EAD25CFFCCA002102E9 /* ManualVC.swift */; };
		763BAF1325B8714E005F7EF8 /* InfoPlist.strings in Resources */ = {isa = PBXBuildFile; fileRef = 763BAF1525B8714E005F7EF8 /* InfoPlist.strings */; };
		763BAF2025B874E0005F7EF8 /* ScheduleVC.swift in Sources */ = {isa = PBXBuildFile; fileRef = 763BAF1F25B874E0005F7EF8 /* ScheduleVC.swift */; };
		763BAF2425B87509005F7EF8 /* CalendarVC.swift in Sources */ = {isa = PBXBuildFile; fileRef = 763BAF2325B87509005F7EF8 /* CalendarVC.swift */; };
		763BAF2725B9499E005F7EF8 /* Righteous-Regular.ttf in Resources */ = {isa = PBXBuildFile; fileRef = 763BAF2625B9493C005F7EF8 /* Righteous-Regular.ttf */; };
		763BAF2A25B94A14005F7EF8 /* Utils.swift in Sources */ = {isa = PBXBuildFile; fileRef = 763BAF2925B94A14005F7EF8 /* Utils.swift */; };
		763BAF2E25B94F20005F7EF8 /* CSButton.swift in Sources */ = {isa = PBXBuildFile; fileRef = 763BAF2D25B94F20005F7EF8 /* CSButton.swift */; };
		763BAF3F25B98318005F7EF8 /* TimetableCell.swift in Sources */ = {isa = PBXBuildFile; fileRef = 763BAF3E25B98318005F7EF8 /* TimetableCell.swift */; };
		763BAF4B25BA8F93005F7EF8 /* CSNavigationBar.swift in Sources */ = {isa = PBXBuildFile; fileRef = 763BAF4A25BA8F93005F7EF8 /* CSNavigationBar.swift */; };
		763BAF4E25BB0B0B005F7EF8 /* AddCourseVC.swift in Sources */ = {isa = PBXBuildFile; fileRef = 763BAF4D25BB0B0B005F7EF8 /* AddCourseVC.swift */; };
		763BAF6225BC108A005F7EF8 /* AddCourseCell.swift in Sources */ = {isa = PBXBuildFile; fileRef = 763BAF6125BC108A005F7EF8 /* AddCourseCell.swift */; };
		7645C8B425D96F27008DEA4D /* GoogleService-Info.plist in Resources */ = {isa = PBXBuildFile; fileRef = 7645C8B325D96F27008DEA4D /* GoogleService-Info.plist */; };
		764AF3AE25BEE8A1003E1F15 /* MoreInfoVC.swift in Sources */ = {isa = PBXBuildFile; fileRef = 764AF3AD25BEE8A1003E1F15 /* MoreInfoVC.swift */; };
		764AF3B125BF0C27003E1F15 /* WebCourseInfoVC.swift in Sources */ = {isa = PBXBuildFile; fileRef = 764AF3B025BF0C27003E1F15 /* WebCourseInfoVC.swift */; };
		7663891A25C06EAF00B930AC /* CourseVO.swift in Sources */ = {isa = PBXBuildFile; fileRef = 7663891925C06EAF00B930AC /* CourseVO.swift */; };
		76684BFF25C5A57500B8C65D /* DayTimeOption.swift in Sources */ = {isa = PBXBuildFile; fileRef = 76684BFE25C5A57500B8C65D /* DayTimeOption.swift */; };
		76684C0F25C7F88900B8C65D /* CourseTimetableView.swift in Sources */ = {isa = PBXBuildFile; fileRef = 76684C0E25C7F88900B8C65D /* CourseTimetableView.swift */; };
		76684C6325CA6F2A00B8C65D /* Wemakeprice-SemiBold.ttf in Resources */ = {isa = PBXBuildFile; fileRef = 76684C6225CA6F2A00B8C65D /* Wemakeprice-SemiBold.ttf */; };
		76684C6725CA6F8900B8C65D /* Wemakeprice-Regular.ttf in Resources */ = {isa = PBXBuildFile; fileRef = 76684C6525CA6F8900B8C65D /* Wemakeprice-Regular.ttf */; };
		76684C6825CA6F8900B8C65D /* Wemakeprice-Bold.ttf in Resources */ = {isa = PBXBuildFile; fileRef = 76684C6625CA6F8900B8C65D /* Wemakeprice-Bold.ttf */; };
		76684C7325CA8C0900B8C65D /* CalendarVO.swift in Sources */ = {isa = PBXBuildFile; fileRef = 76684C7225CA8C0900B8C65D /* CalendarVO.swift */; };
		766EB25A25D271A600225DCC /* CSViewWithButton.swift in Sources */ = {isa = PBXBuildFile; fileRef = 766EB25925D271A600225DCC /* CSViewWithButton.swift */; };
		767CEF3725CBEEB100B8111A /* PhoneBoothVC.swift in Sources */ = {isa = PBXBuildFile; fileRef = 767CEF3625CBEEB100B8111A /* PhoneBoothVC.swift */; };
		767CEF3E25CBF9FE00B8111A /* PhoneNumberVO.swift in Sources */ = {isa = PBXBuildFile; fileRef = 767CEF3D25CBF9FE00B8111A /* PhoneNumberVO.swift */; };
		768D67A125B86FC80053DE0C /* AppDelegate.swift in Sources */ = {isa = PBXBuildFile; fileRef = 768D67A025B86FC80053DE0C /* AppDelegate.swift */; };
		768D67A325B86FC80053DE0C /* SceneDelegate.swift in Sources */ = {isa = PBXBuildFile; fileRef = 768D67A225B86FC80053DE0C /* SceneDelegate.swift */; };
		768D67A825B86FC80053DE0C /* Main.storyboard in Resources */ = {isa = PBXBuildFile; fileRef = 768D67A625B86FC80053DE0C /* Main.storyboard */; };
		768D67AD25B86FC80053DE0C /* Assets.xcassets in Resources */ = {isa = PBXBuildFile; fileRef = 768D67AC25B86FC80053DE0C /* Assets.xcassets */; };
		768D67B025B86FC80053DE0C /* LaunchScreen.storyboard in Resources */ = {isa = PBXBuildFile; fileRef = 768D67AE25B86FC80053DE0C /* LaunchScreen.storyboard */; };
		76A90DC525BD7E51002E0A69 /* SelectedCourseCell.swift in Sources */ = {isa = PBXBuildFile; fileRef = 76A90DC425BD7E51002E0A69 /* SelectedCourseCell.swift */; };
		76A90DD925BE7883002E0A69 /* CourseListCell.swift in Sources */ = {isa = PBXBuildFile; fileRef = 76A90DD825BE7883002E0A69 /* CourseListCell.swift */; };
		76B87A1225CAD0B2001402EE /* CalendarEventCell.swift in Sources */ = {isa = PBXBuildFile; fileRef = 76B87A1125CAD0B2001402EE /* CalendarEventCell.swift */; };
		76B87A1925CAECD4001402EE /* SelectedCourseModalVC.swift in Sources */ = {isa = PBXBuildFile; fileRef = 76B87A1825CAECD4001402EE /* SelectedCourseModalVC.swift */; };
		76B87A1D25CAF34F001402EE /* CustomPC.swift in Sources */ = {isa = PBXBuildFile; fileRef = 76B87A1C25CAF34F001402EE /* CustomPC.swift */; };
		76B87A2C25CAFF13001402EE /* SelectedCourseModalVC.xib in Resources */ = {isa = PBXBuildFile; fileRef = 76B87A2B25CAFF13001402EE /* SelectedCourseModalVC.xib */; };
		7AD20551B620168E1D646C32 /* Pods_Suni.framework in Frameworks */ = {isa = PBXBuildFile; fileRef = D010602155C792CF03556543 /* Pods_Suni.framework */; };
/* End PBXBuildFile section */

/* Begin PBXFileReference section */
		76184EAA25CFFCBE002102E9 /* CourseVC.swift */ = {isa = PBXFileReference; lastKnownFileType = sourcecode.swift; path = CourseVC.swift; sourceTree = "<group>"; };
		76184EAD25CFFCCA002102E9 /* ManualVC.swift */ = {isa = PBXFileReference; lastKnownFileType = sourcecode.swift; path = ManualVC.swift; sourceTree = "<group>"; };
		763BAEFC25B87012005F7EF8 /* ko */ = {isa = PBXFileReference; lastKnownFileType = text.plist.strings; name = ko; path = ko.lproj/Main.strings; sourceTree = "<group>"; };
		763BAEFD25B87012005F7EF8 /* ko */ = {isa = PBXFileReference; lastKnownFileType = text.plist.strings; name = ko; path = ko.lproj/LaunchScreen.strings; sourceTree = "<group>"; };
		763BAF1425B8714E005F7EF8 /* ko */ = {isa = PBXFileReference; lastKnownFileType = text.plist.strings; name = ko; path = ko.lproj/InfoPlist.strings; sourceTree = "<group>"; };
		763BAF1925B871A3005F7EF8 /* en */ = {isa = PBXFileReference; lastKnownFileType = text.plist.strings; name = en; path = en.lproj/InfoPlist.strings; sourceTree = "<group>"; };
		763BAF1F25B874E0005F7EF8 /* ScheduleVC.swift */ = {isa = PBXFileReference; lastKnownFileType = sourcecode.swift; path = ScheduleVC.swift; sourceTree = "<group>"; };
		763BAF2325B87509005F7EF8 /* CalendarVC.swift */ = {isa = PBXFileReference; lastKnownFileType = sourcecode.swift; path = CalendarVC.swift; sourceTree = "<group>"; };
		763BAF2625B9493C005F7EF8 /* Righteous-Regular.ttf */ = {isa = PBXFileReference; lastKnownFileType = file; path = "Righteous-Regular.ttf"; sourceTree = "<group>"; };
		763BAF2925B94A14005F7EF8 /* Utils.swift */ = {isa = PBXFileReference; lastKnownFileType = sourcecode.swift; path = Utils.swift; sourceTree = "<group>"; };
		763BAF2D25B94F20005F7EF8 /* CSButton.swift */ = {isa = PBXFileReference; lastKnownFileType = sourcecode.swift; path = CSButton.swift; sourceTree = "<group>"; };
		763BAF3E25B98318005F7EF8 /* TimetableCell.swift */ = {isa = PBXFileReference; lastKnownFileType = sourcecode.swift; path = TimetableCell.swift; sourceTree = "<group>"; };
		763BAF4A25BA8F93005F7EF8 /* CSNavigationBar.swift */ = {isa = PBXFileReference; lastKnownFileType = sourcecode.swift; path = CSNavigationBar.swift; sourceTree = "<group>"; };
		763BAF4D25BB0B0B005F7EF8 /* AddCourseVC.swift */ = {isa = PBXFileReference; lastKnownFileType = sourcecode.swift; path = AddCourseVC.swift; sourceTree = "<group>"; };
		763BAF6125BC108A005F7EF8 /* AddCourseCell.swift */ = {isa = PBXFileReference; lastKnownFileType = sourcecode.swift; path = AddCourseCell.swift; sourceTree = "<group>"; };
		7645C8B325D96F27008DEA4D /* GoogleService-Info.plist */ = {isa = PBXFileReference; fileEncoding = 4; lastKnownFileType = text.plist.xml; path = "GoogleService-Info.plist"; sourceTree = "<group>"; };
		764AF3AD25BEE8A1003E1F15 /* MoreInfoVC.swift */ = {isa = PBXFileReference; lastKnownFileType = sourcecode.swift; path = MoreInfoVC.swift; sourceTree = "<group>"; };
		764AF3B025BF0C27003E1F15 /* WebCourseInfoVC.swift */ = {isa = PBXFileReference; lastKnownFileType = sourcecode.swift; path = WebCourseInfoVC.swift; sourceTree = "<group>"; };
		7663891925C06EAF00B930AC /* CourseVO.swift */ = {isa = PBXFileReference; fileEncoding = 4; lastKnownFileType = sourcecode.swift; path = CourseVO.swift; sourceTree = "<group>"; };
		76684BFE25C5A57500B8C65D /* DayTimeOption.swift */ = {isa = PBXFileReference; lastKnownFileType = sourcecode.swift; path = DayTimeOption.swift; sourceTree = "<group>"; };
		76684C0E25C7F88900B8C65D /* CourseTimetableView.swift */ = {isa = PBXFileReference; lastKnownFileType = sourcecode.swift; path = CourseTimetableView.swift; sourceTree = "<group>"; };
		76684C6225CA6F2A00B8C65D /* Wemakeprice-SemiBold.ttf */ = {isa = PBXFileReference; lastKnownFileType = file; path = "Wemakeprice-SemiBold.ttf"; sourceTree = "<group>"; };
		76684C6525CA6F8900B8C65D /* Wemakeprice-Regular.ttf */ = {isa = PBXFileReference; lastKnownFileType = file; path = "Wemakeprice-Regular.ttf"; sourceTree = "<group>"; };
		76684C6625CA6F8900B8C65D /* Wemakeprice-Bold.ttf */ = {isa = PBXFileReference; lastKnownFileType = file; path = "Wemakeprice-Bold.ttf"; sourceTree = "<group>"; };
		76684C7225CA8C0900B8C65D /* CalendarVO.swift */ = {isa = PBXFileReference; lastKnownFileType = sourcecode.swift; path = CalendarVO.swift; sourceTree = "<group>"; };
		766EB25925D271A600225DCC /* CSViewWithButton.swift */ = {isa = PBXFileReference; lastKnownFileType = sourcecode.swift; path = CSViewWithButton.swift; sourceTree = "<group>"; };
		767CEF3625CBEEB100B8111A /* PhoneBoothVC.swift */ = {isa = PBXFileReference; lastKnownFileType = sourcecode.swift; path = PhoneBoothVC.swift; sourceTree = "<group>"; };
		767CEF3D25CBF9FE00B8111A /* PhoneNumberVO.swift */ = {isa = PBXFileReference; lastKnownFileType = sourcecode.swift; path = PhoneNumberVO.swift; sourceTree = "<group>"; };
		768D679D25B86FC80053DE0C /* Suni.app */ = {isa = PBXFileReference; explicitFileType = wrapper.application; includeInIndex = 0; path = Suni.app; sourceTree = BUILT_PRODUCTS_DIR; };
		768D67A025B86FC80053DE0C /* AppDelegate.swift */ = {isa = PBXFileReference; lastKnownFileType = sourcecode.swift; path = AppDelegate.swift; sourceTree = "<group>"; };
		768D67A225B86FC80053DE0C /* SceneDelegate.swift */ = {isa = PBXFileReference; lastKnownFileType = sourcecode.swift; path = SceneDelegate.swift; sourceTree = "<group>"; };
		768D67A725B86FC80053DE0C /* Base */ = {isa = PBXFileReference; lastKnownFileType = file.storyboard; name = Base; path = Base.lproj/Main.storyboard; sourceTree = "<group>"; };
		768D67AC25B86FC80053DE0C /* Assets.xcassets */ = {isa = PBXFileReference; lastKnownFileType = folder.assetcatalog; path = Assets.xcassets; sourceTree = "<group>"; };
		768D67AF25B86FC80053DE0C /* Base */ = {isa = PBXFileReference; lastKnownFileType = file.storyboard; name = Base; path = Base.lproj/LaunchScreen.storyboard; sourceTree = "<group>"; };
		768D67B125B86FC80053DE0C /* Info.plist */ = {isa = PBXFileReference; lastKnownFileType = text.plist.xml; path = Info.plist; sourceTree = "<group>"; };
		76A90DC425BD7E51002E0A69 /* SelectedCourseCell.swift */ = {isa = PBXFileReference; lastKnownFileType = sourcecode.swift; path = SelectedCourseCell.swift; sourceTree = "<group>"; };
		76A90DD825BE7883002E0A69 /* CourseListCell.swift */ = {isa = PBXFileReference; lastKnownFileType = sourcecode.swift; path = CourseListCell.swift; sourceTree = "<group>"; };
		76B87A1125CAD0B2001402EE /* CalendarEventCell.swift */ = {isa = PBXFileReference; lastKnownFileType = sourcecode.swift; path = CalendarEventCell.swift; sourceTree = "<group>"; };
		76B87A1825CAECD4001402EE /* SelectedCourseModalVC.swift */ = {isa = PBXFileReference; lastKnownFileType = sourcecode.swift; path = SelectedCourseModalVC.swift; sourceTree = "<group>"; };
		76B87A1C25CAF34F001402EE /* CustomPC.swift */ = {isa = PBXFileReference; lastKnownFileType = sourcecode.swift; path = CustomPC.swift; sourceTree = "<group>"; };
		76B87A2B25CAFF13001402EE /* SelectedCourseModalVC.xib */ = {isa = PBXFileReference; lastKnownFileType = file.xib; path = SelectedCourseModalVC.xib; sourceTree = "<group>"; };
		945A78B814668FF99A411BFA /* Pods-Suni.release.xcconfig */ = {isa = PBXFileReference; includeInIndex = 1; lastKnownFileType = text.xcconfig; name = "Pods-Suni.release.xcconfig"; path = "Target Support Files/Pods-Suni/Pods-Suni.release.xcconfig"; sourceTree = "<group>"; };
		9DAEEB6F755BAEF8C97AA3F3 /* Pods-Suni.debug.xcconfig */ = {isa = PBXFileReference; includeInIndex = 1; lastKnownFileType = text.xcconfig; name = "Pods-Suni.debug.xcconfig"; path = "Target Support Files/Pods-Suni/Pods-Suni.debug.xcconfig"; sourceTree = "<group>"; };
		D010602155C792CF03556543 /* Pods_Suni.framework */ = {isa = PBXFileReference; explicitFileType = wrapper.framework; includeInIndex = 0; path = Pods_Suni.framework; sourceTree = BUILT_PRODUCTS_DIR; };
/* End PBXFileReference section */

/* Begin PBXFrameworksBuildPhase section */
		768D679A25B86FC80053DE0C /* Frameworks */ = {
			isa = PBXFrameworksBuildPhase;
			buildActionMask = 2147483647;
			files = (
				7AD20551B620168E1D646C32 /* Pods_Suni.framework in Frameworks */,
			);
			runOnlyForDeploymentPostprocessing = 0;
		};
/* End PBXFrameworksBuildPhase section */

/* Begin PBXGroup section */
		763BAF3525B95D9B005F7EF8 /* Resources */ = {
			isa = PBXGroup;
			children = (
			);
			path = Resources;
			sourceTree = "<group>";
		};
		763BAF3825B97C03005F7EF8 /* Font */ = {
			isa = PBXGroup;
			children = (
				763BAF2625B9493C005F7EF8 /* Righteous-Regular.ttf */,
				76684C6225CA6F2A00B8C65D /* Wemakeprice-SemiBold.ttf */,
				76684C6625CA6F8900B8C65D /* Wemakeprice-Bold.ttf */,
				76684C6525CA6F8900B8C65D /* Wemakeprice-Regular.ttf */,
			);
			path = Font;
			sourceTree = "<group>";
		};
		76684BEB25C57FC600B8C65D /* Schedule */ = {
			isa = PBXGroup;
			children = (
				763BAF1F25B874E0005F7EF8 /* ScheduleVC.swift */,
				763BAF3E25B98318005F7EF8 /* TimetableCell.swift */,
				76684BFE25C5A57500B8C65D /* DayTimeOption.swift */,
				76684C0E25C7F88900B8C65D /* CourseTimetableView.swift */,
			);
			path = Schedule;
			sourceTree = "<group>";
		};
		76684BEC25C57FC900B8C65D /* Model */ = {
			isa = PBXGroup;
			children = (
				7663891925C06EAF00B930AC /* CourseVO.swift */,
				76684C7225CA8C0900B8C65D /* CalendarVO.swift */,
				767CEF3D25CBF9FE00B8111A /* PhoneNumberVO.swift */,
			);
			path = Model;
			sourceTree = "<group>";
		};
		76684BED25C57FCB00B8C65D /* Auxiliary */ = {
			isa = PBXGroup;
			children = (
				763BAF2925B94A14005F7EF8 /* Utils.swift */,
				766EB25925D271A600225DCC /* CSViewWithButton.swift */,
				763BAF2D25B94F20005F7EF8 /* CSButton.swift */,
				763BAF4A25BA8F93005F7EF8 /* CSNavigationBar.swift */,
				76B87A1825CAECD4001402EE /* SelectedCourseModalVC.swift */,
				76B87A2B25CAFF13001402EE /* SelectedCourseModalVC.xib */,
				76B87A1C25CAF34F001402EE /* CustomPC.swift */,
				768D67A025B86FC80053DE0C /* AppDelegate.swift */,
				768D67A225B86FC80053DE0C /* SceneDelegate.swift */,
			);
			path = Auxiliary;
			sourceTree = "<group>";
		};
		76684BEE25C57FCF00B8C65D /* Calendar */ = {
			isa = PBXGroup;
			children = (
				763BAF2325B87509005F7EF8 /* CalendarVC.swift */,
				76B87A1125CAD0B2001402EE /* CalendarEventCell.swift */,
			);
			path = Calendar;
			sourceTree = "<group>";
		};
		76684BEF25C57FD100B8C65D /* Add Course */ = {
			isa = PBXGroup;
			children = (
				763BAF4D25BB0B0B005F7EF8 /* AddCourseVC.swift */,
				764AF3AD25BEE8A1003E1F15 /* MoreInfoVC.swift */,
				764AF3B025BF0C27003E1F15 /* WebCourseInfoVC.swift */,
				763BAF6125BC108A005F7EF8 /* AddCourseCell.swift */,
				76A90DD825BE7883002E0A69 /* CourseListCell.swift */,
				76A90DC425BD7E51002E0A69 /* SelectedCourseCell.swift */,
				76184EAA25CFFCBE002102E9 /* CourseVC.swift */,
				76184EAD25CFFCCA002102E9 /* ManualVC.swift */,
			);
			path = "Add Course";
			sourceTree = "<group>";
		};
		767CEF3525CBEE9F00B8111A /* Phone Number */ = {
			isa = PBXGroup;
			children = (
				767CEF3625CBEEB100B8111A /* PhoneBoothVC.swift */,
			);
			path = "Phone Number";
			sourceTree = "<group>";
		};
		768D679425B86FC80053DE0C = {
			isa = PBXGroup;
			children = (
				763BAF3825B97C03005F7EF8 /* Font */,
				763BAF3525B95D9B005F7EF8 /* Resources */,
				768D679F25B86FC80053DE0C /* Suni */,
				768D679E25B86FC80053DE0C /* Products */,
				98AA8F8AF76AFD62BABDD211 /* Pods */,
				D34D7585FAB7D13B6E7B3F34 /* Frameworks */,
			);
			sourceTree = "<group>";
		};
		768D679E25B86FC80053DE0C /* Products */ = {
			isa = PBXGroup;
			children = (
				768D679D25B86FC80053DE0C /* Suni.app */,
			);
			name = Products;
			sourceTree = "<group>";
		};
		768D679F25B86FC80053DE0C /* Suni */ = {
			isa = PBXGroup;
			children = (
				767CEF3525CBEE9F00B8111A /* Phone Number */,
				76684BEF25C57FD100B8C65D /* Add Course */,
				76684BEE25C57FCF00B8C65D /* Calendar */,
				76684BEB25C57FC600B8C65D /* Schedule */,
				76684BEC25C57FC900B8C65D /* Model */,
				76684BED25C57FCB00B8C65D /* Auxiliary */,
				768D67AC25B86FC80053DE0C /* Assets.xcassets */,
				768D67B125B86FC80053DE0C /* Info.plist */,
				763BAF1525B8714E005F7EF8 /* InfoPlist.strings */,
				7645C8B325D96F27008DEA4D /* GoogleService-Info.plist */,
				768D67AE25B86FC80053DE0C /* LaunchScreen.storyboard */,
				768D67A625B86FC80053DE0C /* Main.storyboard */,
			);
			path = Suni;
			sourceTree = "<group>";
		};
		98AA8F8AF76AFD62BABDD211 /* Pods */ = {
			isa = PBXGroup;
			children = (
				9DAEEB6F755BAEF8C97AA3F3 /* Pods-Suni.debug.xcconfig */,
				945A78B814668FF99A411BFA /* Pods-Suni.release.xcconfig */,
			);
			path = Pods;
			sourceTree = "<group>";
		};
		D34D7585FAB7D13B6E7B3F34 /* Frameworks */ = {
			isa = PBXGroup;
			children = (
				D010602155C792CF03556543 /* Pods_Suni.framework */,
			);
			name = Frameworks;
			sourceTree = "<group>";
		};
/* End PBXGroup section */

/* Begin PBXNativeTarget section */
		768D679C25B86FC80053DE0C /* Suni */ = {
			isa = PBXNativeTarget;
			buildConfigurationList = 768D67B425B86FC80053DE0C /* Build configuration list for PBXNativeTarget "Suni" */;
			buildPhases = (
				D70B1F8E359DE2E99C297F90 /* [CP] Check Pods Manifest.lock */,
				768D679925B86FC80053DE0C /* Sources */,
				768D679A25B86FC80053DE0C /* Frameworks */,
				768D679B25B86FC80053DE0C /* Resources */,
				AF72F06ECF42D2ECBC8E5FC1 /* [CP] Embed Pods Frameworks */,
			);
			buildRules = (
			);
			dependencies = (
			);
			name = Suni;
			productName = Suni;
			productReference = 768D679D25B86FC80053DE0C /* Suni.app */;
			productType = "com.apple.product-type.application";
		};
/* End PBXNativeTarget section */

/* Begin PBXProject section */
		768D679525B86FC80053DE0C /* Project object */ = {
			isa = PBXProject;
			attributes = {
				LastSwiftUpdateCheck = 1230;
				LastUpgradeCheck = 1230;
				TargetAttributes = {
					768D679C25B86FC80053DE0C = {
						CreatedOnToolsVersion = 12.3;
						LastSwiftMigration = 1240;
					};
				};
			};
			buildConfigurationList = 768D679825B86FC80053DE0C /* Build configuration list for PBXProject "Suni" */;
			compatibilityVersion = "Xcode 9.3";
			developmentRegion = en;
			hasScannedForEncodings = 0;
			knownRegions = (
				en,
				Base,
				ko,
			);
			mainGroup = 768D679425B86FC80053DE0C;
			productRefGroup = 768D679E25B86FC80053DE0C /* Products */;
			projectDirPath = "";
			projectRoot = "";
			targets = (
				768D679C25B86FC80053DE0C /* Suni */,
			);
		};
/* End PBXProject section */

/* Begin PBXResourcesBuildPhase section */
		768D679B25B86FC80053DE0C /* Resources */ = {
			isa = PBXResourcesBuildPhase;
			buildActionMask = 2147483647;
			files = (
				7645C8B425D96F27008DEA4D /* GoogleService-Info.plist in Resources */,
				76684C6325CA6F2A00B8C65D /* Wemakeprice-SemiBold.ttf in Resources */,
				763BAF2725B9499E005F7EF8 /* Righteous-Regular.ttf in Resources */,
				76684C6825CA6F8900B8C65D /* Wemakeprice-Bold.ttf in Resources */,
				768D67B025B86FC80053DE0C /* LaunchScreen.storyboard in Resources */,
				763BAF1325B8714E005F7EF8 /* InfoPlist.strings in Resources */,
				768D67AD25B86FC80053DE0C /* Assets.xcassets in Resources */,
				76B87A2C25CAFF13001402EE /* SelectedCourseModalVC.xib in Resources */,
				768D67A825B86FC80053DE0C /* Main.storyboard in Resources */,
				76684C6725CA6F8900B8C65D /* Wemakeprice-Regular.ttf in Resources */,
			);
			runOnlyForDeploymentPostprocessing = 0;
		};
/* End PBXResourcesBuildPhase section */

/* Begin PBXShellScriptBuildPhase section */
		AF72F06ECF42D2ECBC8E5FC1 /* [CP] Embed Pods Frameworks */ = {
			isa = PBXShellScriptBuildPhase;
			buildActionMask = 2147483647;
			files = (
			);
			inputFileListPaths = (
				"${PODS_ROOT}/Target Support Files/Pods-Suni/Pods-Suni-frameworks-${CONFIGURATION}-input-files.xcfilelist",
			);
			name = "[CP] Embed Pods Frameworks";
			outputFileListPaths = (
				"${PODS_ROOT}/Target Support Files/Pods-Suni/Pods-Suni-frameworks-${CONFIGURATION}-output-files.xcfilelist",
			);
			runOnlyForDeploymentPostprocessing = 0;
			shellPath = /bin/sh;
			shellScript = "\"${PODS_ROOT}/Target Support Files/Pods-Suni/Pods-Suni-frameworks.sh\"\n";
			showEnvVarsInLog = 0;
		};
		D70B1F8E359DE2E99C297F90 /* [CP] Check Pods Manifest.lock */ = {
			isa = PBXShellScriptBuildPhase;
			buildActionMask = 2147483647;
			files = (
			);
			inputFileListPaths = (
			);
			inputPaths = (
				"${PODS_PODFILE_DIR_PATH}/Podfile.lock",
				"${PODS_ROOT}/Manifest.lock",
			);
			name = "[CP] Check Pods Manifest.lock";
			outputFileListPaths = (
			);
			outputPaths = (
				"$(DERIVED_FILE_DIR)/Pods-Suni-checkManifestLockResult.txt",
			);
			runOnlyForDeploymentPostprocessing = 0;
			shellPath = /bin/sh;
			shellScript = "diff \"${PODS_PODFILE_DIR_PATH}/Podfile.lock\" \"${PODS_ROOT}/Manifest.lock\" > /dev/null\nif [ $? != 0 ] ; then\n    # print error to STDERR\n    echo \"error: The sandbox is not in sync with the Podfile.lock. Run 'pod install' or update your CocoaPods installation.\" >&2\n    exit 1\nfi\n# This output is used by Xcode 'outputs' to avoid re-running this script phase.\necho \"SUCCESS\" > \"${SCRIPT_OUTPUT_FILE_0}\"\n";
			showEnvVarsInLog = 0;
		};
/* End PBXShellScriptBuildPhase section */

/* Begin PBXSourcesBuildPhase section */
		768D679925B86FC80053DE0C /* Sources */ = {
			isa = PBXSourcesBuildPhase;
			buildActionMask = 2147483647;
			files = (
				763BAF2425B87509005F7EF8 /* CalendarVC.swift in Sources */,
				76184EAB25CFFCBE002102E9 /* CourseVC.swift in Sources */,
				763BAF3F25B98318005F7EF8 /* TimetableCell.swift in Sources */,
				764AF3B125BF0C27003E1F15 /* WebCourseInfoVC.swift in Sources */,
				766EB25A25D271A600225DCC /* CSViewWithButton.swift in Sources */,
				76A90DD925BE7883002E0A69 /* CourseListCell.swift in Sources */,
				76A90DC525BD7E51002E0A69 /* SelectedCourseCell.swift in Sources */,
				763BAF6225BC108A005F7EF8 /* AddCourseCell.swift in Sources */,
				767CEF3725CBEEB100B8111A /* PhoneBoothVC.swift in Sources */,
				767CEF3E25CBF9FE00B8111A /* PhoneNumberVO.swift in Sources */,
				763BAF2025B874E0005F7EF8 /* ScheduleVC.swift in Sources */,
				76684BFF25C5A57500B8C65D /* DayTimeOption.swift in Sources */,
				768D67A125B86FC80053DE0C /* AppDelegate.swift in Sources */,
				76184EAE25CFFCCA002102E9 /* ManualVC.swift in Sources */,
				7663891A25C06EAF00B930AC /* CourseVO.swift in Sources */,
				76B87A1D25CAF34F001402EE /* CustomPC.swift in Sources */,
				76684C0F25C7F88900B8C65D /* CourseTimetableView.swift in Sources */,
				768D67A325B86FC80053DE0C /* SceneDelegate.swift in Sources */,
				76B87A1925CAECD4001402EE /* SelectedCourseModalVC.swift in Sources */,
				763BAF4B25BA8F93005F7EF8 /* CSNavigationBar.swift in Sources */,
				764AF3AE25BEE8A1003E1F15 /* MoreInfoVC.swift in Sources */,
				763BAF4E25BB0B0B005F7EF8 /* AddCourseVC.swift in Sources */,
				76684C7325CA8C0900B8C65D /* CalendarVO.swift in Sources */,
				76B87A1225CAD0B2001402EE /* CalendarEventCell.swift in Sources */,
				763BAF2E25B94F20005F7EF8 /* CSButton.swift in Sources */,
				763BAF2A25B94A14005F7EF8 /* Utils.swift in Sources */,
			);
			runOnlyForDeploymentPostprocessing = 0;
		};
/* End PBXSourcesBuildPhase section */

/* Begin PBXVariantGroup section */
		763BAF1525B8714E005F7EF8 /* InfoPlist.strings */ = {
			isa = PBXVariantGroup;
			children = (
				763BAF1425B8714E005F7EF8 /* ko */,
				763BAF1925B871A3005F7EF8 /* en */,
			);
			name = InfoPlist.strings;
			sourceTree = "<group>";
		};
		768D67A625B86FC80053DE0C /* Main.storyboard */ = {
			isa = PBXVariantGroup;
			children = (
				768D67A725B86FC80053DE0C /* Base */,
				763BAEFC25B87012005F7EF8 /* ko */,
			);
			name = Main.storyboard;
			sourceTree = "<group>";
		};
		768D67AE25B86FC80053DE0C /* LaunchScreen.storyboard */ = {
			isa = PBXVariantGroup;
			children = (
				768D67AF25B86FC80053DE0C /* Base */,
				763BAEFD25B87012005F7EF8 /* ko */,
			);
			name = LaunchScreen.storyboard;
			sourceTree = "<group>";
		};
/* End PBXVariantGroup section */

/* Begin XCBuildConfiguration section */
		768D67B225B86FC80053DE0C /* Debug */ = {
			isa = XCBuildConfiguration;
			buildSettings = {
				ALWAYS_SEARCH_USER_PATHS = NO;
				CLANG_ANALYZER_LOCALIZABILITY_NONLOCALIZED = YES;
				CLANG_ANALYZER_NONNULL = YES;
				CLANG_ANALYZER_NUMBER_OBJECT_CONVERSION = YES_AGGRESSIVE;
				CLANG_CXX_LANGUAGE_STANDARD = "gnu++14";
				CLANG_CXX_LIBRARY = "libc++";
				CLANG_ENABLE_MODULES = YES;
				CLANG_ENABLE_OBJC_ARC = YES;
				CLANG_ENABLE_OBJC_WEAK = YES;
				CLANG_WARN_BLOCK_CAPTURE_AUTORELEASING = YES;
				CLANG_WARN_BOOL_CONVERSION = YES;
				CLANG_WARN_COMMA = YES;
				CLANG_WARN_CONSTANT_CONVERSION = YES;
				CLANG_WARN_DEPRECATED_OBJC_IMPLEMENTATIONS = YES;
				CLANG_WARN_DIRECT_OBJC_ISA_USAGE = YES_ERROR;
				CLANG_WARN_DOCUMENTATION_COMMENTS = YES;
				CLANG_WARN_EMPTY_BODY = YES;
				CLANG_WARN_ENUM_CONVERSION = YES;
				CLANG_WARN_INFINITE_RECURSION = YES;
				CLANG_WARN_INT_CONVERSION = YES;
				CLANG_WARN_NON_LITERAL_NULL_CONVERSION = YES;
				CLANG_WARN_OBJC_IMPLICIT_RETAIN_SELF = YES;
				CLANG_WARN_OBJC_LITERAL_CONVERSION = YES;
				CLANG_WARN_OBJC_ROOT_CLASS = YES_ERROR;
				CLANG_WARN_QUOTED_INCLUDE_IN_FRAMEWORK_HEADER = YES;
				CLANG_WARN_RANGE_LOOP_ANALYSIS = YES;
				CLANG_WARN_STRICT_PROTOTYPES = YES;
				CLANG_WARN_SUSPICIOUS_MOVE = YES;
				CLANG_WARN_UNGUARDED_AVAILABILITY = YES_AGGRESSIVE;
				CLANG_WARN_UNREACHABLE_CODE = YES;
				CLANG_WARN__DUPLICATE_METHOD_MATCH = YES;
				COPY_PHASE_STRIP = NO;
				DEBUG_INFORMATION_FORMAT = dwarf;
				ENABLE_STRICT_OBJC_MSGSEND = YES;
				ENABLE_TESTABILITY = YES;
				GCC_C_LANGUAGE_STANDARD = gnu11;
				GCC_DYNAMIC_NO_PIC = NO;
				GCC_NO_COMMON_BLOCKS = YES;
				GCC_OPTIMIZATION_LEVEL = 0;
				GCC_PREPROCESSOR_DEFINITIONS = (
					"DEBUG=1",
					"$(inherited)",
				);
				GCC_WARN_64_TO_32_BIT_CONVERSION = YES;
				GCC_WARN_ABOUT_RETURN_TYPE = YES_ERROR;
				GCC_WARN_UNDECLARED_SELECTOR = YES;
				GCC_WARN_UNINITIALIZED_AUTOS = YES_AGGRESSIVE;
				GCC_WARN_UNUSED_FUNCTION = YES;
				GCC_WARN_UNUSED_VARIABLE = YES;
				IPHONEOS_DEPLOYMENT_TARGET = 14.3;
				MTL_ENABLE_DEBUG_INFO = INCLUDE_SOURCE;
				MTL_FAST_MATH = YES;
				ONLY_ACTIVE_ARCH = YES;
				SDKROOT = iphoneos;
				SWIFT_ACTIVE_COMPILATION_CONDITIONS = DEBUG;
				SWIFT_OPTIMIZATION_LEVEL = "-Onone";
			};
			name = Debug;
		};
		768D67B325B86FC80053DE0C /* Release */ = {
			isa = XCBuildConfiguration;
			buildSettings = {
				ALWAYS_SEARCH_USER_PATHS = NO;
				CLANG_ANALYZER_LOCALIZABILITY_NONLOCALIZED = YES;
				CLANG_ANALYZER_NONNULL = YES;
				CLANG_ANALYZER_NUMBER_OBJECT_CONVERSION = YES_AGGRESSIVE;
				CLANG_CXX_LANGUAGE_STANDARD = "gnu++14";
				CLANG_CXX_LIBRARY = "libc++";
				CLANG_ENABLE_MODULES = YES;
				CLANG_ENABLE_OBJC_ARC = YES;
				CLANG_ENABLE_OBJC_WEAK = YES;
				CLANG_WARN_BLOCK_CAPTURE_AUTORELEASING = YES;
				CLANG_WARN_BOOL_CONVERSION = YES;
				CLANG_WARN_COMMA = YES;
				CLANG_WARN_CONSTANT_CONVERSION = YES;
				CLANG_WARN_DEPRECATED_OBJC_IMPLEMENTATIONS = YES;
				CLANG_WARN_DIRECT_OBJC_ISA_USAGE = YES_ERROR;
				CLANG_WARN_DOCUMENTATION_COMMENTS = YES;
				CLANG_WARN_EMPTY_BODY = YES;
				CLANG_WARN_ENUM_CONVERSION = YES;
				CLANG_WARN_INFINITE_RECURSION = YES;
				CLANG_WARN_INT_CONVERSION = YES;
				CLANG_WARN_NON_LITERAL_NULL_CONVERSION = YES;
				CLANG_WARN_OBJC_IMPLICIT_RETAIN_SELF = YES;
				CLANG_WARN_OBJC_LITERAL_CONVERSION = YES;
				CLANG_WARN_OBJC_ROOT_CLASS = YES_ERROR;
				CLANG_WARN_QUOTED_INCLUDE_IN_FRAMEWORK_HEADER = YES;
				CLANG_WARN_RANGE_LOOP_ANALYSIS = YES;
				CLANG_WARN_STRICT_PROTOTYPES = YES;
				CLANG_WARN_SUSPICIOUS_MOVE = YES;
				CLANG_WARN_UNGUARDED_AVAILABILITY = YES_AGGRESSIVE;
				CLANG_WARN_UNREACHABLE_CODE = YES;
				CLANG_WARN__DUPLICATE_METHOD_MATCH = YES;
				COPY_PHASE_STRIP = NO;
				DEBUG_INFORMATION_FORMAT = "dwarf-with-dsym";
				ENABLE_NS_ASSERTIONS = NO;
				ENABLE_STRICT_OBJC_MSGSEND = YES;
				GCC_C_LANGUAGE_STANDARD = gnu11;
				GCC_NO_COMMON_BLOCKS = YES;
				GCC_WARN_64_TO_32_BIT_CONVERSION = YES;
				GCC_WARN_ABOUT_RETURN_TYPE = YES_ERROR;
				GCC_WARN_UNDECLARED_SELECTOR = YES;
				GCC_WARN_UNINITIALIZED_AUTOS = YES_AGGRESSIVE;
				GCC_WARN_UNUSED_FUNCTION = YES;
				GCC_WARN_UNUSED_VARIABLE = YES;
				IPHONEOS_DEPLOYMENT_TARGET = 14.3;
				MTL_ENABLE_DEBUG_INFO = NO;
				MTL_FAST_MATH = YES;
				SDKROOT = iphoneos;
				SWIFT_COMPILATION_MODE = wholemodule;
				SWIFT_OPTIMIZATION_LEVEL = "-O";
				VALIDATE_PRODUCT = YES;
			};
			name = Release;
		};
		768D67B525B86FC80053DE0C /* Debug */ = {
			isa = XCBuildConfiguration;
			baseConfigurationReference = 9DAEEB6F755BAEF8C97AA3F3 /* Pods-Suni.debug.xcconfig */;
			buildSettings = {
				ASSETCATALOG_COMPILER_APPICON_NAME = AppIcon;
				ASSETCATALOG_COMPILER_GLOBAL_ACCENT_COLOR_NAME = AccentColor;
				CLANG_ENABLE_MODULES = YES;
				CODE_SIGN_STYLE = Automatic;
				DEVELOPMENT_TEAM = JF6ZPA8QG5;
				INFOPLIST_FILE = Suni/Info.plist;
				LD_RUNPATH_SEARCH_PATHS = (
					"$(inherited)",
					"@executable_path/Frameworks",
				);
				PRODUCT_BUNDLE_IDENTIFIER = YiHyun.Suni;
				PRODUCT_NAME = "$(TARGET_NAME)";
				SWIFT_OPTIMIZATION_LEVEL = "-Onone";
				SWIFT_VERSION = 5.0;
				TARGETED_DEVICE_FAMILY = 1;
			};
			name = Debug;
		};
		768D67B625B86FC80053DE0C /* Release */ = {
			isa = XCBuildConfiguration;
			baseConfigurationReference = 945A78B814668FF99A411BFA /* Pods-Suni.release.xcconfig */;
			buildSettings = {
				ASSETCATALOG_COMPILER_APPICON_NAME = AppIcon;
				ASSETCATALOG_COMPILER_GLOBAL_ACCENT_COLOR_NAME = AccentColor;
				CLANG_ENABLE_MODULES = YES;
				CODE_SIGN_STYLE = Automatic;
				DEVELOPMENT_TEAM = JF6ZPA8QG5;
				INFOPLIST_FILE = Suni/Info.plist;
				LD_RUNPATH_SEARCH_PATHS = (
					"$(inherited)",
					"@executable_path/Frameworks",
				);
				PRODUCT_BUNDLE_IDENTIFIER = YiHyun.Suni;
				PRODUCT_NAME = "$(TARGET_NAME)";
				SWIFT_VERSION = 5.0;
				TARGETED_DEVICE_FAMILY = 1;
			};
			name = Release;
		};
/* End XCBuildConfiguration section */

/* Begin XCConfigurationList section */
		768D679825B86FC80053DE0C /* Build configuration list for PBXProject "Suni" */ = {
			isa = XCConfigurationList;
			buildConfigurations = (
				768D67B225B86FC80053DE0C /* Debug */,
				768D67B325B86FC80053DE0C /* Release */,
			);
			defaultConfigurationIsVisible = 0;
			defaultConfigurationName = Release;
		};
		768D67B425B86FC80053DE0C /* Build configuration list for PBXNativeTarget "Suni" */ = {
			isa = XCConfigurationList;
			buildConfigurations = (
				768D67B525B86FC80053DE0C /* Debug */,
				768D67B625B86FC80053DE0C /* Release */,
			);
			defaultConfigurationIsVisible = 0;
			defaultConfigurationName = Release;
		};
/* End XCConfigurationList section */
	};
	rootObject = 768D679525B86FC80053DE0C /* Project object */;
}
