// !$*UTF8*$!
{
	archiveVersion = 1;
	classes = {
	};
	objectVersion = 50;
	objects = {

/* Begin PBXBuildFile section */
		763BAF1325B8714E005F7EF8 /* InfoPlist.strings in Resources */ = {isa = PBXBuildFile; fileRef = 763BAF1525B8714E005F7EF8 /* InfoPlist.strings */; };
		763BAF2025B874E0005F7EF8 /* ScheduleVC.swift in Sources */ = {isa = PBXBuildFile; fileRef = 763BAF1F25B874E0005F7EF8 /* ScheduleVC.swift */; };
		763BAF2425B87509005F7EF8 /* CalendarVC.swift in Sources */ = {isa = PBXBuildFile; fileRef = 763BAF2325B87509005F7EF8 /* CalendarVC.swift */; };
		763BAF2725B9499E005F7EF8 /* Righteous-Regular.ttf in Resources */ = {isa = PBXBuildFile; fileRef = 763BAF2625B9493C005F7EF8 /* Righteous-Regular.ttf */; };
		763BAF2A25B94A14005F7EF8 /* Utils.swift in Sources */ = {isa = PBXBuildFile; fileRef = 763BAF2925B94A14005F7EF8 /* Utils.swift */; };
		763BAF2E25B94F20005F7EF8 /* CSButton.swift in Sources */ = {isa = PBXBuildFile; fileRef = 763BAF2D25B94F20005F7EF8 /* CSButton.swift */; };
		763BAF3F25B98318005F7EF8 /* TimetableCell.swift in Sources */ = {isa = PBXBuildFile; fileRef = 763BAF3E25B98318005F7EF8 /* TimetableCell.swift */; };
		763BAF4B25BA8F93005F7EF8 /* CSNavigationBar.swift in Sources */ = {isa = PBXBuildFile; fileRef = 763BAF4A25BA8F93005F7EF8 /* CSNavigationBar.swift */; };
		763BAF4E25BB0B0B005F7EF8 /* AddCourseVC.swift in Sources */ = {isa = PBXBuildFile; fileRef = 763BAF4D25BB0B0B005F7EF8 /* AddCourseVC.swift */; };
		763BAF6225BC108A005F7EF8 /* AddCourseCell.swift in Sources */ = {isa = PBXBuildFile; fileRef = 763BAF6125BC108A005F7EF8 /* AddCourseCell.swift */; };
		764AF3AE25BEE8A1003E1F15 /* MoreInfoVC.swift in Sources */ = {isa = PBXBuildFile; fileRef = 764AF3AD25BEE8A1003E1F15 /* MoreInfoVC.swift */; };
		764AF3B125BF0C27003E1F15 /* WebCourseInfoVC.swift in Sources */ = {isa = PBXBuildFile; fileRef = 764AF3B025BF0C27003E1F15 /* WebCourseInfoVC.swift */; };
		7663891A25C06EAF00B930AC /* CourseVO.swift in Sources */ = {isa = PBXBuildFile; fileRef = 7663891925C06EAF00B930AC /* CourseVO.swift */; };
		7663891D25C06FFA00B930AC /* all_courses.json in Resources */ = {isa = PBXBuildFile; fileRef = 7663891C25C06FFA00B930AC /* all_courses.json */; };
		76684BFF25C5A57500B8C65D /* DayTimeOption.swift in Sources */ = {isa = PBXBuildFile; fileRef = 76684BFE25C5A57500B8C65D /* DayTimeOption.swift */; };
		76684C0F25C7F88900B8C65D /* CourseTimetableView.swift in Sources */ = {isa = PBXBuildFile; fileRef = 76684C0E25C7F88900B8C65D /* CourseTimetableView.swift */; };
		76684C3725CA585E00B8C65D /* FSCalendarCalculator.m in Sources */ = {isa = PBXBuildFile; fileRef = 76684C1725CA585D00B8C65D /* FSCalendarCalculator.m */; };
		76684C3825CA585E00B8C65D /* FSCalendarCollectionView.m in Sources */ = {isa = PBXBuildFile; fileRef = 76684C1C25CA585D00B8C65D /* FSCalendarCollectionView.m */; };
		76684C3925CA585E00B8C65D /* FSCalendarDelegationFactory.m in Sources */ = {isa = PBXBuildFile; fileRef = 76684C1D25CA585D00B8C65D /* FSCalendarDelegationFactory.m */; };
		76684C3A25CA585E00B8C65D /* FSCalendarConstants.m in Sources */ = {isa = PBXBuildFile; fileRef = 76684C2225CA585D00B8C65D /* FSCalendarConstants.m */; };
		76684C3B25CA585E00B8C65D /* FSCalendarStickyHeader.m in Sources */ = {isa = PBXBuildFile; fileRef = 76684C2625CA585D00B8C65D /* FSCalendarStickyHeader.m */; };
		76684C3C25CA585E00B8C65D /* FSCalendar.m in Sources */ = {isa = PBXBuildFile; fileRef = 76684C2725CA585D00B8C65D /* FSCalendar.m */; };
		76684C3D25CA585E00B8C65D /* FSCalendarExtensions.m in Sources */ = {isa = PBXBuildFile; fileRef = 76684C2825CA585D00B8C65D /* FSCalendarExtensions.m */; };
		76684C3E25CA585E00B8C65D /* FSCalendarTransitionCoordinator.m in Sources */ = {isa = PBXBuildFile; fileRef = 76684C2925CA585D00B8C65D /* FSCalendarTransitionCoordinator.m */; };
		76684C3F25CA585E00B8C65D /* FSCalendarDelegationProxy.m in Sources */ = {isa = PBXBuildFile; fileRef = 76684C2B25CA585E00B8C65D /* FSCalendarDelegationProxy.m */; };
		76684C4025CA585E00B8C65D /* FSCalendarHeaderView.m in Sources */ = {isa = PBXBuildFile; fileRef = 76684C2D25CA585E00B8C65D /* FSCalendarHeaderView.m */; };
		76684C4125CA585E00B8C65D /* FSCalendarAppearance.m in Sources */ = {isa = PBXBuildFile; fileRef = 76684C2F25CA585E00B8C65D /* FSCalendarAppearance.m */; };
		76684C4225CA585E00B8C65D /* FSCalendarSeparatorDecorationView.m in Sources */ = {isa = PBXBuildFile; fileRef = 76684C3025CA585E00B8C65D /* FSCalendarSeparatorDecorationView.m */; };
		76684C4325CA585E00B8C65D /* FSCalendarCell.m in Sources */ = {isa = PBXBuildFile; fileRef = 76684C3325CA585E00B8C65D /* FSCalendarCell.m */; };
		76684C4425CA585E00B8C65D /* FSCalendarCollectionViewLayout.m in Sources */ = {isa = PBXBuildFile; fileRef = 76684C3425CA585E00B8C65D /* FSCalendarCollectionViewLayout.m */; };
		76684C4525CA585E00B8C65D /* FSCalendarWeekdayView.m in Sources */ = {isa = PBXBuildFile; fileRef = 76684C3625CA585E00B8C65D /* FSCalendarWeekdayView.m */; };
		76684C6325CA6F2A00B8C65D /* Wemakeprice-SemiBold.ttf in Resources */ = {isa = PBXBuildFile; fileRef = 76684C6225CA6F2A00B8C65D /* Wemakeprice-SemiBold.ttf */; };
		76684C6725CA6F8900B8C65D /* Wemakeprice-Regular.ttf in Resources */ = {isa = PBXBuildFile; fileRef = 76684C6525CA6F8900B8C65D /* Wemakeprice-Regular.ttf */; };
		76684C6825CA6F8900B8C65D /* Wemakeprice-Bold.ttf in Resources */ = {isa = PBXBuildFile; fileRef = 76684C6625CA6F8900B8C65D /* Wemakeprice-Bold.ttf */; };
		76684C7025CA8BC200B8C65D /* calendar.json in Resources */ = {isa = PBXBuildFile; fileRef = 76684C6F25CA8BC200B8C65D /* calendar.json */; };
		76684C7325CA8C0900B8C65D /* CalendarVO.swift in Sources */ = {isa = PBXBuildFile; fileRef = 76684C7225CA8C0900B8C65D /* CalendarVO.swift */; };
		767CEF3725CBEEB100B8111A /* PhoneVC.swift in Sources */ = {isa = PBXBuildFile; fileRef = 767CEF3625CBEEB100B8111A /* PhoneVC.swift */; };
		767CEF3B25CBF49800B8111A /* phoneNumber.json in Resources */ = {isa = PBXBuildFile; fileRef = 767CEF3A25CBF49800B8111A /* phoneNumber.json */; };
		767CEF3E25CBF9FE00B8111A /* PhoneNumberVO.swift in Sources */ = {isa = PBXBuildFile; fileRef = 767CEF3D25CBF9FE00B8111A /* PhoneNumberVO.swift */; };
		768D67A125B86FC80053DE0C /* AppDelegate.swift in Sources */ = {isa = PBXBuildFile; fileRef = 768D67A025B86FC80053DE0C /* AppDelegate.swift */; };
		768D67A325B86FC80053DE0C /* SceneDelegate.swift in Sources */ = {isa = PBXBuildFile; fileRef = 768D67A225B86FC80053DE0C /* SceneDelegate.swift */; };
		768D67A825B86FC80053DE0C /* Main.storyboard in Resources */ = {isa = PBXBuildFile; fileRef = 768D67A625B86FC80053DE0C /* Main.storyboard */; };
		768D67AB25B86FC80053DE0C /* Suni.xcdatamodeld in Sources */ = {isa = PBXBuildFile; fileRef = 768D67A925B86FC80053DE0C /* Suni.xcdatamodeld */; };
		768D67AD25B86FC80053DE0C /* Assets.xcassets in Resources */ = {isa = PBXBuildFile; fileRef = 768D67AC25B86FC80053DE0C /* Assets.xcassets */; };
		768D67B025B86FC80053DE0C /* LaunchScreen.storyboard in Resources */ = {isa = PBXBuildFile; fileRef = 768D67AE25B86FC80053DE0C /* LaunchScreen.storyboard */; };
		76A90DC525BD7E51002E0A69 /* SelectedCourseCell.swift in Sources */ = {isa = PBXBuildFile; fileRef = 76A90DC425BD7E51002E0A69 /* SelectedCourseCell.swift */; };
		76A90DD925BE7883002E0A69 /* CourseListCell.swift in Sources */ = {isa = PBXBuildFile; fileRef = 76A90DD825BE7883002E0A69 /* CourseListCell.swift */; };
		76B87A1225CAD0B2001402EE /* CalendarEventCell.swift in Sources */ = {isa = PBXBuildFile; fileRef = 76B87A1125CAD0B2001402EE /* CalendarEventCell.swift */; };
		76B87A1925CAECD4001402EE /* SelectedCourseModalVC.swift in Sources */ = {isa = PBXBuildFile; fileRef = 76B87A1825CAECD4001402EE /* SelectedCourseModalVC.swift */; };
		76B87A1D25CAF34F001402EE /* CustomPC.swift in Sources */ = {isa = PBXBuildFile; fileRef = 76B87A1C25CAF34F001402EE /* CustomPC.swift */; };
		76B87A2C25CAFF13001402EE /* SelectedCourseModalVC.xib in Resources */ = {isa = PBXBuildFile; fileRef = 76B87A2B25CAFF13001402EE /* SelectedCourseModalVC.xib */; };
/* End PBXBuildFile section */

/* Begin PBXFileReference section */
		763BAEFC25B87012005F7EF8 /* ko */ = {isa = PBXFileReference; lastKnownFileType = text.plist.strings; name = ko; path = ko.lproj/Main.strings; sourceTree = "<group>"; };
		763BAEFD25B87012005F7EF8 /* ko */ = {isa = PBXFileReference; lastKnownFileType = text.plist.strings; name = ko; path = ko.lproj/LaunchScreen.strings; sourceTree = "<group>"; };
		763BAF1425B8714E005F7EF8 /* ko */ = {isa = PBXFileReference; lastKnownFileType = text.plist.strings; name = ko; path = ko.lproj/InfoPlist.strings; sourceTree = "<group>"; };
		763BAF1925B871A3005F7EF8 /* en */ = {isa = PBXFileReference; lastKnownFileType = text.plist.strings; name = en; path = en.lproj/InfoPlist.strings; sourceTree = "<group>"; };
		763BAF1F25B874E0005F7EF8 /* ScheduleVC.swift */ = {isa = PBXFileReference; lastKnownFileType = sourcecode.swift; path = ScheduleVC.swift; sourceTree = "<group>"; };
		763BAF2325B87509005F7EF8 /* CalendarVC.swift */ = {isa = PBXFileReference; lastKnownFileType = sourcecode.swift; path = CalendarVC.swift; sourceTree = "<group>"; };
		763BAF2625B9493C005F7EF8 /* Righteous-Regular.ttf */ = {isa = PBXFileReference; lastKnownFileType = file; path = "Righteous-Regular.ttf"; sourceTree = "<group>"; };
		763BAF2925B94A14005F7EF8 /* Utils.swift */ = {isa = PBXFileReference; lastKnownFileType = sourcecode.swift; path = Utils.swift; sourceTree = "<group>"; };
		763BAF2D25B94F20005F7EF8 /* CSButton.swift */ = {isa = PBXFileReference; lastKnownFileType = sourcecode.swift; path = CSButton.swift; sourceTree = "<group>"; };
		763BAF3E25B98318005F7EF8 /* TimetableCell.swift */ = {isa = PBXFileReference; lastKnownFileType = sourcecode.swift; path = TimetableCell.swift; sourceTree = "<group>"; };
		763BAF4A25BA8F93005F7EF8 /* CSNavigationBar.swift */ = {isa = PBXFileReference; lastKnownFileType = sourcecode.swift; path = CSNavigationBar.swift; sourceTree = "<group>"; };
		763BAF4D25BB0B0B005F7EF8 /* AddCourseVC.swift */ = {isa = PBXFileReference; lastKnownFileType = sourcecode.swift; path = AddCourseVC.swift; sourceTree = "<group>"; };
		763BAF6125BC108A005F7EF8 /* AddCourseCell.swift */ = {isa = PBXFileReference; lastKnownFileType = sourcecode.swift; path = AddCourseCell.swift; sourceTree = "<group>"; };
		764AF3AD25BEE8A1003E1F15 /* MoreInfoVC.swift */ = {isa = PBXFileReference; lastKnownFileType = sourcecode.swift; path = MoreInfoVC.swift; sourceTree = "<group>"; };
		764AF3B025BF0C27003E1F15 /* WebCourseInfoVC.swift */ = {isa = PBXFileReference; lastKnownFileType = sourcecode.swift; path = WebCourseInfoVC.swift; sourceTree = "<group>"; };
		7663891925C06EAF00B930AC /* CourseVO.swift */ = {isa = PBXFileReference; fileEncoding = 4; lastKnownFileType = sourcecode.swift; path = CourseVO.swift; sourceTree = "<group>"; };
		7663891C25C06FFA00B930AC /* all_courses.json */ = {isa = PBXFileReference; fileEncoding = 4; lastKnownFileType = text.json; path = all_courses.json; sourceTree = "<group>"; };
		76684BFE25C5A57500B8C65D /* DayTimeOption.swift */ = {isa = PBXFileReference; lastKnownFileType = sourcecode.swift; path = DayTimeOption.swift; sourceTree = "<group>"; };
		76684C0E25C7F88900B8C65D /* CourseTimetableView.swift */ = {isa = PBXFileReference; lastKnownFileType = sourcecode.swift; path = CourseTimetableView.swift; sourceTree = "<group>"; };
		76684C1625CA585C00B8C65D /* Suni-Bridging-Header.h */ = {isa = PBXFileReference; lastKnownFileType = sourcecode.c.h; path = "Suni-Bridging-Header.h"; sourceTree = "<group>"; };
		76684C1725CA585D00B8C65D /* FSCalendarCalculator.m */ = {isa = PBXFileReference; fileEncoding = 4; lastKnownFileType = sourcecode.c.objc; path = FSCalendarCalculator.m; sourceTree = "<group>"; };
		76684C1825CA585D00B8C65D /* FSCalendarDelegationFactory.h */ = {isa = PBXFileReference; fileEncoding = 4; lastKnownFileType = sourcecode.c.h; path = FSCalendarDelegationFactory.h; sourceTree = "<group>"; };
		76684C1925CA585D00B8C65D /* FSCalendar.h */ = {isa = PBXFileReference; fileEncoding = 4; lastKnownFileType = sourcecode.c.h; path = FSCalendar.h; sourceTree = "<group>"; };
		76684C1A25CA585D00B8C65D /* FSCalendarDelegationProxy.h */ = {isa = PBXFileReference; fileEncoding = 4; lastKnownFileType = sourcecode.c.h; path = FSCalendarDelegationProxy.h; sourceTree = "<group>"; };
		76684C1B25CA585D00B8C65D /* FSCalendarCell.h */ = {isa = PBXFileReference; fileEncoding = 4; lastKnownFileType = sourcecode.c.h; path = FSCalendarCell.h; sourceTree = "<group>"; };
		76684C1C25CA585D00B8C65D /* FSCalendarCollectionView.m */ = {isa = PBXFileReference; fileEncoding = 4; lastKnownFileType = sourcecode.c.objc; path = FSCalendarCollectionView.m; sourceTree = "<group>"; };
		76684C1D25CA585D00B8C65D /* FSCalendarDelegationFactory.m */ = {isa = PBXFileReference; fileEncoding = 4; lastKnownFileType = sourcecode.c.objc; path = FSCalendarDelegationFactory.m; sourceTree = "<group>"; };
		76684C1E25CA585D00B8C65D /* FSCalendarAppearance.h */ = {isa = PBXFileReference; fileEncoding = 4; lastKnownFileType = sourcecode.c.h; path = FSCalendarAppearance.h; sourceTree = "<group>"; };
		76684C1F25CA585D00B8C65D /* FSCalendarCalculator.h */ = {isa = PBXFileReference; fileEncoding = 4; lastKnownFileType = sourcecode.c.h; path = FSCalendarCalculator.h; sourceTree = "<group>"; };
		76684C2125CA585D00B8C65D /* FSCalendarCollectionViewLayout.h */ = {isa = PBXFileReference; fileEncoding = 4; lastKnownFileType = sourcecode.c.h; path = FSCalendarCollectionViewLayout.h; sourceTree = "<group>"; };
		76684C2225CA585D00B8C65D /* FSCalendarConstants.m */ = {isa = PBXFileReference; fileEncoding = 4; lastKnownFileType = sourcecode.c.objc; path = FSCalendarConstants.m; sourceTree = "<group>"; };
		76684C2325CA585D00B8C65D /* FSCalendarConstants.h */ = {isa = PBXFileReference; fileEncoding = 4; lastKnownFileType = sourcecode.c.h; path = FSCalendarConstants.h; sourceTree = "<group>"; };
		76684C2425CA585D00B8C65D /* FSCalendarCollectionView.h */ = {isa = PBXFileReference; fileEncoding = 4; lastKnownFileType = sourcecode.c.h; path = FSCalendarCollectionView.h; sourceTree = "<group>"; };
		76684C2525CA585D00B8C65D /* FSCalendarHeaderView.h */ = {isa = PBXFileReference; fileEncoding = 4; lastKnownFileType = sourcecode.c.h; path = FSCalendarHeaderView.h; sourceTree = "<group>"; };
		76684C2625CA585D00B8C65D /* FSCalendarStickyHeader.m */ = {isa = PBXFileReference; fileEncoding = 4; lastKnownFileType = sourcecode.c.objc; path = FSCalendarStickyHeader.m; sourceTree = "<group>"; };
		76684C2725CA585D00B8C65D /* FSCalendar.m */ = {isa = PBXFileReference; fileEncoding = 4; lastKnownFileType = sourcecode.c.objc; path = FSCalendar.m; sourceTree = "<group>"; };
		76684C2825CA585D00B8C65D /* FSCalendarExtensions.m */ = {isa = PBXFileReference; fileEncoding = 4; lastKnownFileType = sourcecode.c.objc; path = FSCalendarExtensions.m; sourceTree = "<group>"; };
		76684C2925CA585D00B8C65D /* FSCalendarTransitionCoordinator.m */ = {isa = PBXFileReference; fileEncoding = 4; lastKnownFileType = sourcecode.c.objc; path = FSCalendarTransitionCoordinator.m; sourceTree = "<group>"; };
		76684C2A25CA585E00B8C65D /* FSCalendarSeparatorDecorationView.h */ = {isa = PBXFileReference; fileEncoding = 4; lastKnownFileType = sourcecode.c.h; path = FSCalendarSeparatorDecorationView.h; sourceTree = "<group>"; };
		76684C2B25CA585E00B8C65D /* FSCalendarDelegationProxy.m */ = {isa = PBXFileReference; fileEncoding = 4; lastKnownFileType = sourcecode.c.objc; path = FSCalendarDelegationProxy.m; sourceTree = "<group>"; };
		76684C2C25CA585E00B8C65D /* FSCalendarExtensions.h */ = {isa = PBXFileReference; fileEncoding = 4; lastKnownFileType = sourcecode.c.h; path = FSCalendarExtensions.h; sourceTree = "<group>"; };
		76684C2D25CA585E00B8C65D /* FSCalendarHeaderView.m */ = {isa = PBXFileReference; fileEncoding = 4; lastKnownFileType = sourcecode.c.objc; path = FSCalendarHeaderView.m; sourceTree = "<group>"; };
		76684C2E25CA585E00B8C65D /* FSCalendarDynamicHeader.h */ = {isa = PBXFileReference; fileEncoding = 4; lastKnownFileType = sourcecode.c.h; path = FSCalendarDynamicHeader.h; sourceTree = "<group>"; };
		76684C2F25CA585E00B8C65D /* FSCalendarAppearance.m */ = {isa = PBXFileReference; fileEncoding = 4; lastKnownFileType = sourcecode.c.objc; path = FSCalendarAppearance.m; sourceTree = "<group>"; };
		76684C3025CA585E00B8C65D /* FSCalendarSeparatorDecorationView.m */ = {isa = PBXFileReference; fileEncoding = 4; lastKnownFileType = sourcecode.c.objc; path = FSCalendarSeparatorDecorationView.m; sourceTree = "<group>"; };
		76684C3125CA585E00B8C65D /* FSCalendarWeekdayView.h */ = {isa = PBXFileReference; fileEncoding = 4; lastKnownFileType = sourcecode.c.h; path = FSCalendarWeekdayView.h; sourceTree = "<group>"; };
		76684C3225CA585E00B8C65D /* FSCalendarStickyHeader.h */ = {isa = PBXFileReference; fileEncoding = 4; lastKnownFileType = sourcecode.c.h; path = FSCalendarStickyHeader.h; sourceTree = "<group>"; };
		76684C3325CA585E00B8C65D /* FSCalendarCell.m */ = {isa = PBXFileReference; fileEncoding = 4; lastKnownFileType = sourcecode.c.objc; path = FSCalendarCell.m; sourceTree = "<group>"; };
		76684C3425CA585E00B8C65D /* FSCalendarCollectionViewLayout.m */ = {isa = PBXFileReference; fileEncoding = 4; lastKnownFileType = sourcecode.c.objc; path = FSCalendarCollectionViewLayout.m; sourceTree = "<group>"; };
		76684C3525CA585E00B8C65D /* FSCalendarTransitionCoordinator.h */ = {isa = PBXFileReference; fileEncoding = 4; lastKnownFileType = sourcecode.c.h; path = FSCalendarTransitionCoordinator.h; sourceTree = "<group>"; };
		76684C3625CA585E00B8C65D /* FSCalendarWeekdayView.m */ = {isa = PBXFileReference; fileEncoding = 4; lastKnownFileType = sourcecode.c.objc; path = FSCalendarWeekdayView.m; sourceTree = "<group>"; };
		76684C6225CA6F2A00B8C65D /* Wemakeprice-SemiBold.ttf */ = {isa = PBXFileReference; lastKnownFileType = file; path = "Wemakeprice-SemiBold.ttf"; sourceTree = "<group>"; };
		76684C6525CA6F8900B8C65D /* Wemakeprice-Regular.ttf */ = {isa = PBXFileReference; lastKnownFileType = file; path = "Wemakeprice-Regular.ttf"; sourceTree = "<group>"; };
		76684C6625CA6F8900B8C65D /* Wemakeprice-Bold.ttf */ = {isa = PBXFileReference; lastKnownFileType = file; path = "Wemakeprice-Bold.ttf"; sourceTree = "<group>"; };
		76684C6F25CA8BC200B8C65D /* calendar.json */ = {isa = PBXFileReference; fileEncoding = 4; lastKnownFileType = text.json; path = calendar.json; sourceTree = "<group>"; };
		76684C7225CA8C0900B8C65D /* CalendarVO.swift */ = {isa = PBXFileReference; lastKnownFileType = sourcecode.swift; path = CalendarVO.swift; sourceTree = "<group>"; };
		767CEF3625CBEEB100B8111A /* PhoneVC.swift */ = {isa = PBXFileReference; lastKnownFileType = sourcecode.swift; path = PhoneVC.swift; sourceTree = "<group>"; };
		767CEF3A25CBF49800B8111A /* phoneNumber.json */ = {isa = PBXFileReference; fileEncoding = 4; lastKnownFileType = text.json; path = phoneNumber.json; sourceTree = "<group>"; };
		767CEF3D25CBF9FE00B8111A /* PhoneNumberVO.swift */ = {isa = PBXFileReference; lastKnownFileType = sourcecode.swift; path = PhoneNumberVO.swift; sourceTree = "<group>"; };
		768D679D25B86FC80053DE0C /* Suni.app */ = {isa = PBXFileReference; explicitFileType = wrapper.application; includeInIndex = 0; path = Suni.app; sourceTree = BUILT_PRODUCTS_DIR; };
		768D67A025B86FC80053DE0C /* AppDelegate.swift */ = {isa = PBXFileReference; lastKnownFileType = sourcecode.swift; path = AppDelegate.swift; sourceTree = "<group>"; };
		768D67A225B86FC80053DE0C /* SceneDelegate.swift */ = {isa = PBXFileReference; lastKnownFileType = sourcecode.swift; path = SceneDelegate.swift; sourceTree = "<group>"; };
		768D67A725B86FC80053DE0C /* Base */ = {isa = PBXFileReference; lastKnownFileType = file.storyboard; name = Base; path = Base.lproj/Main.storyboard; sourceTree = "<group>"; };
		768D67AA25B86FC80053DE0C /* Suni.xcdatamodel */ = {isa = PBXFileReference; lastKnownFileType = wrapper.xcdatamodel; path = Suni.xcdatamodel; sourceTree = "<group>"; };
		768D67AC25B86FC80053DE0C /* Assets.xcassets */ = {isa = PBXFileReference; lastKnownFileType = folder.assetcatalog; path = Assets.xcassets; sourceTree = "<group>"; };
		768D67AF25B86FC80053DE0C /* Base */ = {isa = PBXFileReference; lastKnownFileType = file.storyboard; name = Base; path = Base.lproj/LaunchScreen.storyboard; sourceTree = "<group>"; };
		768D67B125B86FC80053DE0C /* Info.plist */ = {isa = PBXFileReference; lastKnownFileType = text.plist.xml; path = Info.plist; sourceTree = "<group>"; };
		76A90DC425BD7E51002E0A69 /* SelectedCourseCell.swift */ = {isa = PBXFileReference; lastKnownFileType = sourcecode.swift; path = SelectedCourseCell.swift; sourceTree = "<group>"; };
		76A90DD825BE7883002E0A69 /* CourseListCell.swift */ = {isa = PBXFileReference; lastKnownFileType = sourcecode.swift; path = CourseListCell.swift; sourceTree = "<group>"; };
		76B87A1125CAD0B2001402EE /* CalendarEventCell.swift */ = {isa = PBXFileReference; lastKnownFileType = sourcecode.swift; path = CalendarEventCell.swift; sourceTree = "<group>"; };
		76B87A1825CAECD4001402EE /* SelectedCourseModalVC.swift */ = {isa = PBXFileReference; lastKnownFileType = sourcecode.swift; path = SelectedCourseModalVC.swift; sourceTree = "<group>"; };
		76B87A1C25CAF34F001402EE /* CustomPC.swift */ = {isa = PBXFileReference; lastKnownFileType = sourcecode.swift; path = CustomPC.swift; sourceTree = "<group>"; };
		76B87A2B25CAFF13001402EE /* SelectedCourseModalVC.xib */ = {isa = PBXFileReference; lastKnownFileType = file.xib; path = SelectedCourseModalVC.xib; sourceTree = "<group>"; };
/* End PBXFileReference section */

/* Begin PBXFrameworksBuildPhase section */
		768D679A25B86FC80053DE0C /* Frameworks */ = {
			isa = PBXFrameworksBuildPhase;
			buildActionMask = 2147483647;
			files = (
			);
			runOnlyForDeploymentPostprocessing = 0;
		};
/* End PBXFrameworksBuildPhase section */

/* Begin PBXGroup section */
		763BAF3525B95D9B005F7EF8 /* Resources */ = {
			isa = PBXGroup;
			children = (
				76684C1525CA584100B8C65D /* FSCalendar */,
				7663891C25C06FFA00B930AC /* all_courses.json */,
				76684C6F25CA8BC200B8C65D /* calendar.json */,
				767CEF3A25CBF49800B8111A /* phoneNumber.json */,
			);
			path = Resources;
			sourceTree = "<group>";
		};
		763BAF3825B97C03005F7EF8 /* Font */ = {
			isa = PBXGroup;
			children = (
				763BAF2625B9493C005F7EF8 /* Righteous-Regular.ttf */,
				76684C6225CA6F2A00B8C65D /* Wemakeprice-SemiBold.ttf */,
				76684C6625CA6F8900B8C65D /* Wemakeprice-Bold.ttf */,
				76684C6525CA6F8900B8C65D /* Wemakeprice-Regular.ttf */,
			);
			path = Font;
			sourceTree = "<group>";
		};
		76684BEB25C57FC600B8C65D /* Schedule */ = {
			isa = PBXGroup;
			children = (
				763BAF1F25B874E0005F7EF8 /* ScheduleVC.swift */,
				763BAF3E25B98318005F7EF8 /* TimetableCell.swift */,
				76684BFE25C5A57500B8C65D /* DayTimeOption.swift */,
				76684C0E25C7F88900B8C65D /* CourseTimetableView.swift */,
			);
			path = Schedule;
			sourceTree = "<group>";
		};
		76684BEC25C57FC900B8C65D /* Model */ = {
			isa = PBXGroup;
			children = (
				7663891925C06EAF00B930AC /* CourseVO.swift */,
				76684C7225CA8C0900B8C65D /* CalendarVO.swift */,
				767CEF3D25CBF9FE00B8111A /* PhoneNumberVO.swift */,
			);
			path = Model;
			sourceTree = "<group>";
		};
		76684BED25C57FCB00B8C65D /* Auxiliary */ = {
			isa = PBXGroup;
			children = (
				763BAF2925B94A14005F7EF8 /* Utils.swift */,
				763BAF2D25B94F20005F7EF8 /* CSButton.swift */,
				763BAF4A25BA8F93005F7EF8 /* CSNavigationBar.swift */,
				76B87A1825CAECD4001402EE /* SelectedCourseModalVC.swift */,
				76B87A2B25CAFF13001402EE /* SelectedCourseModalVC.xib */,
				76B87A1C25CAF34F001402EE /* CustomPC.swift */,
				768D67A025B86FC80053DE0C /* AppDelegate.swift */,
				768D67A225B86FC80053DE0C /* SceneDelegate.swift */,
			);
			path = Auxiliary;
			sourceTree = "<group>";
		};
		76684BEE25C57FCF00B8C65D /* Calendar */ = {
			isa = PBXGroup;
			children = (
				763BAF2325B87509005F7EF8 /* CalendarVC.swift */,
				76B87A1125CAD0B2001402EE /* CalendarEventCell.swift */,
			);
			path = Calendar;
			sourceTree = "<group>";
		};
		76684BEF25C57FD100B8C65D /* Add Course */ = {
			isa = PBXGroup;
			children = (
				763BAF4D25BB0B0B005F7EF8 /* AddCourseVC.swift */,
				764AF3AD25BEE8A1003E1F15 /* MoreInfoVC.swift */,
				764AF3B025BF0C27003E1F15 /* WebCourseInfoVC.swift */,
				763BAF6125BC108A005F7EF8 /* AddCourseCell.swift */,
				76A90DD825BE7883002E0A69 /* CourseListCell.swift */,
				76A90DC425BD7E51002E0A69 /* SelectedCourseCell.swift */,
			);
			path = "Add Course";
			sourceTree = "<group>";
		};
		76684C1525CA584100B8C65D /* FSCalendar */ = {
			isa = PBXGroup;
			children = (
				76684C1925CA585D00B8C65D /* FSCalendar.h */,
				76684C2725CA585D00B8C65D /* FSCalendar.m */,
				76684C1E25CA585D00B8C65D /* FSCalendarAppearance.h */,
				76684C2F25CA585E00B8C65D /* FSCalendarAppearance.m */,
				76684C1F25CA585D00B8C65D /* FSCalendarCalculator.h */,
				76684C1725CA585D00B8C65D /* FSCalendarCalculator.m */,
				76684C1B25CA585D00B8C65D /* FSCalendarCell.h */,
				76684C3325CA585E00B8C65D /* FSCalendarCell.m */,
				76684C2425CA585D00B8C65D /* FSCalendarCollectionView.h */,
				76684C1C25CA585D00B8C65D /* FSCalendarCollectionView.m */,
				76684C2125CA585D00B8C65D /* FSCalendarCollectionViewLayout.h */,
				76684C3425CA585E00B8C65D /* FSCalendarCollectionViewLayout.m */,
				76684C2325CA585D00B8C65D /* FSCalendarConstants.h */,
				76684C2225CA585D00B8C65D /* FSCalendarConstants.m */,
				76684C1825CA585D00B8C65D /* FSCalendarDelegationFactory.h */,
				76684C1D25CA585D00B8C65D /* FSCalendarDelegationFactory.m */,
				76684C1A25CA585D00B8C65D /* FSCalendarDelegationProxy.h */,
				76684C2B25CA585E00B8C65D /* FSCalendarDelegationProxy.m */,
				76684C2E25CA585E00B8C65D /* FSCalendarDynamicHeader.h */,
				76684C2C25CA585E00B8C65D /* FSCalendarExtensions.h */,
				76684C2825CA585D00B8C65D /* FSCalendarExtensions.m */,
				76684C2525CA585D00B8C65D /* FSCalendarHeaderView.h */,
				76684C2D25CA585E00B8C65D /* FSCalendarHeaderView.m */,
				76684C2A25CA585E00B8C65D /* FSCalendarSeparatorDecorationView.h */,
				76684C3025CA585E00B8C65D /* FSCalendarSeparatorDecorationView.m */,
				76684C3225CA585E00B8C65D /* FSCalendarStickyHeader.h */,
				76684C2625CA585D00B8C65D /* FSCalendarStickyHeader.m */,
				76684C3525CA585E00B8C65D /* FSCalendarTransitionCoordinator.h */,
				76684C2925CA585D00B8C65D /* FSCalendarTransitionCoordinator.m */,
				76684C3125CA585E00B8C65D /* FSCalendarWeekdayView.h */,
				76684C3625CA585E00B8C65D /* FSCalendarWeekdayView.m */,
				76684C1625CA585C00B8C65D /* Suni-Bridging-Header.h */,
			);
			path = FSCalendar;
			sourceTree = "<group>";
		};
		767CEF3525CBEE9F00B8111A /* Phone Number */ = {
			isa = PBXGroup;
			children = (
				767CEF3625CBEEB100B8111A /* PhoneVC.swift */,
			);
			path = "Phone Number";
			sourceTree = "<group>";
		};
		768D679425B86FC80053DE0C = {
			isa = PBXGroup;
			children = (
				763BAF3825B97C03005F7EF8 /* Font */,
				763BAF3525B95D9B005F7EF8 /* Resources */,
				768D679F25B86FC80053DE0C /* Suni */,
				768D679E25B86FC80053DE0C /* Products */,
			);
			sourceTree = "<group>";
		};
		768D679E25B86FC80053DE0C /* Products */ = {
			isa = PBXGroup;
			children = (
				768D679D25B86FC80053DE0C /* Suni.app */,
			);
			name = Products;
			sourceTree = "<group>";
		};
		768D679F25B86FC80053DE0C /* Suni */ = {
			isa = PBXGroup;
			children = (
				767CEF3525CBEE9F00B8111A /* Phone Number */,
				76684BEF25C57FD100B8C65D /* Add Course */,
				76684BEE25C57FCF00B8C65D /* Calendar */,
				76684BEB25C57FC600B8C65D /* Schedule */,
				76684BEC25C57FC900B8C65D /* Model */,
				76684BED25C57FCB00B8C65D /* Auxiliary */,
				768D67AC25B86FC80053DE0C /* Assets.xcassets */,
				768D67B125B86FC80053DE0C /* Info.plist */,
				763BAF1525B8714E005F7EF8 /* InfoPlist.strings */,
				768D67AE25B86FC80053DE0C /* LaunchScreen.storyboard */,
				768D67A625B86FC80053DE0C /* Main.storyboard */,
				768D67A925B86FC80053DE0C /* Suni.xcdatamodeld */,
			);
			path = Suni;
			sourceTree = "<group>";
		};
/* End PBXGroup section */

/* Begin PBXNativeTarget section */
		768D679C25B86FC80053DE0C /* Suni */ = {
			isa = PBXNativeTarget;
			buildConfigurationList = 768D67B425B86FC80053DE0C /* Build configuration list for PBXNativeTarget "Suni" */;
			buildPhases = (
				768D679925B86FC80053DE0C /* Sources */,
				768D679A25B86FC80053DE0C /* Frameworks */,
				768D679B25B86FC80053DE0C /* Resources */,
			);
			buildRules = (
			);
			dependencies = (
			);
			name = Suni;
			productName = Suni;
			productReference = 768D679D25B86FC80053DE0C /* Suni.app */;
			productType = "com.apple.product-type.application";
		};
/* End PBXNativeTarget section */

/* Begin PBXProject section */
		768D679525B86FC80053DE0C /* Project object */ = {
			isa = PBXProject;
			attributes = {
				LastSwiftUpdateCheck = 1230;
				LastUpgradeCheck = 1230;
				TargetAttributes = {
					768D679C25B86FC80053DE0C = {
						CreatedOnToolsVersion = 12.3;
						LastSwiftMigration = 1240;
					};
				};
			};
			buildConfigurationList = 768D679825B86FC80053DE0C /* Build configuration list for PBXProject "Suni" */;
			compatibilityVersion = "Xcode 9.3";
			developmentRegion = en;
			hasScannedForEncodings = 0;
			knownRegions = (
				en,
				Base,
				ko,
			);
			mainGroup = 768D679425B86FC80053DE0C;
			productRefGroup = 768D679E25B86FC80053DE0C /* Products */;
			projectDirPath = "";
			projectRoot = "";
			targets = (
				768D679C25B86FC80053DE0C /* Suni */,
			);
		};
/* End PBXProject section */

/* Begin PBXResourcesBuildPhase section */
		768D679B25B86FC80053DE0C /* Resources */ = {
			isa = PBXResourcesBuildPhase;
			buildActionMask = 2147483647;
			files = (
				76684C6325CA6F2A00B8C65D /* Wemakeprice-SemiBold.ttf in Resources */,
				7663891D25C06FFA00B930AC /* all_courses.json in Resources */,
				763BAF2725B9499E005F7EF8 /* Righteous-Regular.ttf in Resources */,
				767CEF3B25CBF49800B8111A /* phoneNumber.json in Resources */,
				76684C6825CA6F8900B8C65D /* Wemakeprice-Bold.ttf in Resources */,
				768D67B025B86FC80053DE0C /* LaunchScreen.storyboard in Resources */,
				763BAF1325B8714E005F7EF8 /* InfoPlist.strings in Resources */,
				768D67AD25B86FC80053DE0C /* Assets.xcassets in Resources */,
				76B87A2C25CAFF13001402EE /* SelectedCourseModalVC.xib in Resources */,
				768D67A825B86FC80053DE0C /* Main.storyboard in Resources */,
				76684C6725CA6F8900B8C65D /* Wemakeprice-Regular.ttf in Resources */,
				76684C7025CA8BC200B8C65D /* calendar.json in Resources */,
			);
			runOnlyForDeploymentPostprocessing = 0;
		};
/* End PBXResourcesBuildPhase section */

/* Begin PBXSourcesBuildPhase section */
		768D679925B86FC80053DE0C /* Sources */ = {
			isa = PBXSourcesBuildPhase;
			buildActionMask = 2147483647;
			files = (
				763BAF2425B87509005F7EF8 /* CalendarVC.swift in Sources */,
				76684C4025CA585E00B8C65D /* FSCalendarHeaderView.m in Sources */,
				76684C3825CA585E00B8C65D /* FSCalendarCollectionView.m in Sources */,
				76684C4425CA585E00B8C65D /* FSCalendarCollectionViewLayout.m in Sources */,
				763BAF3F25B98318005F7EF8 /* TimetableCell.swift in Sources */,
				768D67AB25B86FC80053DE0C /* Suni.xcdatamodeld in Sources */,
				764AF3B125BF0C27003E1F15 /* WebCourseInfoVC.swift in Sources */,
				76A90DD925BE7883002E0A69 /* CourseListCell.swift in Sources */,
				76A90DC525BD7E51002E0A69 /* SelectedCourseCell.swift in Sources */,
				76684C3725CA585E00B8C65D /* FSCalendarCalculator.m in Sources */,
				763BAF6225BC108A005F7EF8 /* AddCourseCell.swift in Sources */,
				767CEF3725CBEEB100B8111A /* PhoneVC.swift in Sources */,
				76684C4225CA585E00B8C65D /* FSCalendarSeparatorDecorationView.m in Sources */,
				767CEF3E25CBF9FE00B8111A /* PhoneNumberVO.swift in Sources */,
				763BAF2025B874E0005F7EF8 /* ScheduleVC.swift in Sources */,
				76684BFF25C5A57500B8C65D /* DayTimeOption.swift in Sources */,
				768D67A125B86FC80053DE0C /* AppDelegate.swift in Sources */,
				76684C3D25CA585E00B8C65D /* FSCalendarExtensions.m in Sources */,
				76684C3E25CA585E00B8C65D /* FSCalendarTransitionCoordinator.m in Sources */,
				7663891A25C06EAF00B930AC /* CourseVO.swift in Sources */,
				76684C3F25CA585E00B8C65D /* FSCalendarDelegationProxy.m in Sources */,
				76684C3925CA585E00B8C65D /* FSCalendarDelegationFactory.m in Sources */,
				76684C3C25CA585E00B8C65D /* FSCalendar.m in Sources */,
				76B87A1D25CAF34F001402EE /* CustomPC.swift in Sources */,
				76684C0F25C7F88900B8C65D /* CourseTimetableView.swift in Sources */,
				76684C4525CA585E00B8C65D /* FSCalendarWeekdayView.m in Sources */,
				768D67A325B86FC80053DE0C /* SceneDelegate.swift in Sources */,
				76B87A1925CAECD4001402EE /* SelectedCourseModalVC.swift in Sources */,
				763BAF4B25BA8F93005F7EF8 /* CSNavigationBar.swift in Sources */,
				764AF3AE25BEE8A1003E1F15 /* MoreInfoVC.swift in Sources */,
				76684C3A25CA585E00B8C65D /* FSCalendarConstants.m in Sources */,
				76684C4125CA585E00B8C65D /* FSCalendarAppearance.m in Sources */,
				763BAF4E25BB0B0B005F7EF8 /* AddCourseVC.swift in Sources */,
				76684C7325CA8C0900B8C65D /* CalendarVO.swift in Sources */,
				76B87A1225CAD0B2001402EE /* CalendarEventCell.swift in Sources */,
				763BAF2E25B94F20005F7EF8 /* CSButton.swift in Sources */,
				763BAF2A25B94A14005F7EF8 /* Utils.swift in Sources */,
				76684C3B25CA585E00B8C65D /* FSCalendarStickyHeader.m in Sources */,
				76684C4325CA585E00B8C65D /* FSCalendarCell.m in Sources */,
			);
			runOnlyForDeploymentPostprocessing = 0;
		};
/* End PBXSourcesBuildPhase section */

/* Begin PBXVariantGroup section */
		763BAF1525B8714E005F7EF8 /* InfoPlist.strings */ = {
			isa = PBXVariantGroup;
			children = (
				763BAF1425B8714E005F7EF8 /* ko */,
				763BAF1925B871A3005F7EF8 /* en */,
			);
			name = InfoPlist.strings;
			sourceTree = "<group>";
		};
		768D67A625B86FC80053DE0C /* Main.storyboard */ = {
			isa = PBXVariantGroup;
			children = (
				768D67A725B86FC80053DE0C /* Base */,
				763BAEFC25B87012005F7EF8 /* ko */,
			);
			name = Main.storyboard;
			sourceTree = "<group>";
		};
		768D67AE25B86FC80053DE0C /* LaunchScreen.storyboard */ = {
			isa = PBXVariantGroup;
			children = (
				768D67AF25B86FC80053DE0C /* Base */,
				763BAEFD25B87012005F7EF8 /* ko */,
			);
			name = LaunchScreen.storyboard;
			sourceTree = "<group>";
		};
/* End PBXVariantGroup section */

/* Begin XCBuildConfiguration section */
		768D67B225B86FC80053DE0C /* Debug */ = {
			isa = XCBuildConfiguration;
			buildSettings = {
				ALWAYS_SEARCH_USER_PATHS = NO;
				CLANG_ANALYZER_LOCALIZABILITY_NONLOCALIZED = YES;
				CLANG_ANALYZER_NONNULL = YES;
				CLANG_ANALYZER_NUMBER_OBJECT_CONVERSION = YES_AGGRESSIVE;
				CLANG_CXX_LANGUAGE_STANDARD = "gnu++14";
				CLANG_CXX_LIBRARY = "libc++";
				CLANG_ENABLE_MODULES = YES;
				CLANG_ENABLE_OBJC_ARC = YES;
				CLANG_ENABLE_OBJC_WEAK = YES;
				CLANG_WARN_BLOCK_CAPTURE_AUTORELEASING = YES;
				CLANG_WARN_BOOL_CONVERSION = YES;
				CLANG_WARN_COMMA = YES;
				CLANG_WARN_CONSTANT_CONVERSION = YES;
				CLANG_WARN_DEPRECATED_OBJC_IMPLEMENTATIONS = YES;
				CLANG_WARN_DIRECT_OBJC_ISA_USAGE = YES_ERROR;
				CLANG_WARN_DOCUMENTATION_COMMENTS = YES;
				CLANG_WARN_EMPTY_BODY = YES;
				CLANG_WARN_ENUM_CONVERSION = YES;
				CLANG_WARN_INFINITE_RECURSION = YES;
				CLANG_WARN_INT_CONVERSION = YES;
				CLANG_WARN_NON_LITERAL_NULL_CONVERSION = YES;
				CLANG_WARN_OBJC_IMPLICIT_RETAIN_SELF = YES;
				CLANG_WARN_OBJC_LITERAL_CONVERSION = YES;
				CLANG_WARN_OBJC_ROOT_CLASS = YES_ERROR;
				CLANG_WARN_QUOTED_INCLUDE_IN_FRAMEWORK_HEADER = YES;
				CLANG_WARN_RANGE_LOOP_ANALYSIS = YES;
				CLANG_WARN_STRICT_PROTOTYPES = YES;
				CLANG_WARN_SUSPICIOUS_MOVE = YES;
				CLANG_WARN_UNGUARDED_AVAILABILITY = YES_AGGRESSIVE;
				CLANG_WARN_UNREACHABLE_CODE = YES;
				CLANG_WARN__DUPLICATE_METHOD_MATCH = YES;
				COPY_PHASE_STRIP = NO;
				DEBUG_INFORMATION_FORMAT = dwarf;
				ENABLE_STRICT_OBJC_MSGSEND = YES;
				ENABLE_TESTABILITY = YES;
				GCC_C_LANGUAGE_STANDARD = gnu11;
				GCC_DYNAMIC_NO_PIC = NO;
				GCC_NO_COMMON_BLOCKS = YES;
				GCC_OPTIMIZATION_LEVEL = 0;
				GCC_PREPROCESSOR_DEFINITIONS = (
					"DEBUG=1",
					"$(inherited)",
				);
				GCC_WARN_64_TO_32_BIT_CONVERSION = YES;
				GCC_WARN_ABOUT_RETURN_TYPE = YES_ERROR;
				GCC_WARN_UNDECLARED_SELECTOR = YES;
				GCC_WARN_UNINITIALIZED_AUTOS = YES_AGGRESSIVE;
				GCC_WARN_UNUSED_FUNCTION = YES;
				GCC_WARN_UNUSED_VARIABLE = YES;
				IPHONEOS_DEPLOYMENT_TARGET = 14.3;
				MTL_ENABLE_DEBUG_INFO = INCLUDE_SOURCE;
				MTL_FAST_MATH = YES;
				ONLY_ACTIVE_ARCH = YES;
				SDKROOT = iphoneos;
				SWIFT_ACTIVE_COMPILATION_CONDITIONS = DEBUG;
				SWIFT_OPTIMIZATION_LEVEL = "-Onone";
			};
			name = Debug;
		};
		768D67B325B86FC80053DE0C /* Release */ = {
			isa = XCBuildConfiguration;
			buildSettings = {
				ALWAYS_SEARCH_USER_PATHS = NO;
				CLANG_ANALYZER_LOCALIZABILITY_NONLOCALIZED = YES;
				CLANG_ANALYZER_NONNULL = YES;
				CLANG_ANALYZER_NUMBER_OBJECT_CONVERSION = YES_AGGRESSIVE;
				CLANG_CXX_LANGUAGE_STANDARD = "gnu++14";
				CLANG_CXX_LIBRARY = "libc++";
				CLANG_ENABLE_MODULES = YES;
				CLANG_ENABLE_OBJC_ARC = YES;
				CLANG_ENABLE_OBJC_WEAK = YES;
				CLANG_WARN_BLOCK_CAPTURE_AUTORELEASING = YES;
				CLANG_WARN_BOOL_CONVERSION = YES;
				CLANG_WARN_COMMA = YES;
				CLANG_WARN_CONSTANT_CONVERSION = YES;
				CLANG_WARN_DEPRECATED_OBJC_IMPLEMENTATIONS = YES;
				CLANG_WARN_DIRECT_OBJC_ISA_USAGE = YES_ERROR;
				CLANG_WARN_DOCUMENTATION_COMMENTS = YES;
				CLANG_WARN_EMPTY_BODY = YES;
				CLANG_WARN_ENUM_CONVERSION = YES;
				CLANG_WARN_INFINITE_RECURSION = YES;
				CLANG_WARN_INT_CONVERSION = YES;
				CLANG_WARN_NON_LITERAL_NULL_CONVERSION = YES;
				CLANG_WARN_OBJC_IMPLICIT_RETAIN_SELF = YES;
				CLANG_WARN_OBJC_LITERAL_CONVERSION = YES;
				CLANG_WARN_OBJC_ROOT_CLASS = YES_ERROR;
				CLANG_WARN_QUOTED_INCLUDE_IN_FRAMEWORK_HEADER = YES;
				CLANG_WARN_RANGE_LOOP_ANALYSIS = YES;
				CLANG_WARN_STRICT_PROTOTYPES = YES;
				CLANG_WARN_SUSPICIOUS_MOVE = YES;
				CLANG_WARN_UNGUARDED_AVAILABILITY = YES_AGGRESSIVE;
				CLANG_WARN_UNREACHABLE_CODE = YES;
				CLANG_WARN__DUPLICATE_METHOD_MATCH = YES;
				COPY_PHASE_STRIP = NO;
				DEBUG_INFORMATION_FORMAT = "dwarf-with-dsym";
				ENABLE_NS_ASSERTIONS = NO;
				ENABLE_STRICT_OBJC_MSGSEND = YES;
				GCC_C_LANGUAGE_STANDARD = gnu11;
				GCC_NO_COMMON_BLOCKS = YES;
				GCC_WARN_64_TO_32_BIT_CONVERSION = YES;
				GCC_WARN_ABOUT_RETURN_TYPE = YES_ERROR;
				GCC_WARN_UNDECLARED_SELECTOR = YES;
				GCC_WARN_UNINITIALIZED_AUTOS = YES_AGGRESSIVE;
				GCC_WARN_UNUSED_FUNCTION = YES;
				GCC_WARN_UNUSED_VARIABLE = YES;
				IPHONEOS_DEPLOYMENT_TARGET = 14.3;
				MTL_ENABLE_DEBUG_INFO = NO;
				MTL_FAST_MATH = YES;
				SDKROOT = iphoneos;
				SWIFT_COMPILATION_MODE = wholemodule;
				SWIFT_OPTIMIZATION_LEVEL = "-O";
				VALIDATE_PRODUCT = YES;
			};
			name = Release;
		};
		768D67B525B86FC80053DE0C /* Debug */ = {
			isa = XCBuildConfiguration;
			buildSettings = {
				ASSETCATALOG_COMPILER_APPICON_NAME = AppIcon;
				ASSETCATALOG_COMPILER_GLOBAL_ACCENT_COLOR_NAME = AccentColor;
				CLANG_ENABLE_MODULES = YES;
				CODE_SIGN_STYLE = Automatic;
				DEVELOPMENT_TEAM = JF6ZPA8QG5;
				INFOPLIST_FILE = Suni/Info.plist;
				LD_RUNPATH_SEARCH_PATHS = (
					"$(inherited)",
					"@executable_path/Frameworks",
				);
				PRODUCT_BUNDLE_IDENTIFIER = YiHyun.Suni;
				PRODUCT_NAME = "$(TARGET_NAME)";
				SWIFT_OBJC_BRIDGING_HEADER = "Resources/FSCalendar/Suni-Bridging-Header.h";
				SWIFT_OPTIMIZATION_LEVEL = "-Onone";
				SWIFT_VERSION = 5.0;
				TARGETED_DEVICE_FAMILY = 1;
			};
			name = Debug;
		};
		768D67B625B86FC80053DE0C /* Release */ = {
			isa = XCBuildConfiguration;
			buildSettings = {
				ASSETCATALOG_COMPILER_APPICON_NAME = AppIcon;
				ASSETCATALOG_COMPILER_GLOBAL_ACCENT_COLOR_NAME = AccentColor;
				CLANG_ENABLE_MODULES = YES;
				CODE_SIGN_STYLE = Automatic;
				DEVELOPMENT_TEAM = JF6ZPA8QG5;
				INFOPLIST_FILE = Suni/Info.plist;
				LD_RUNPATH_SEARCH_PATHS = (
					"$(inherited)",
					"@executable_path/Frameworks",
				);
				PRODUCT_BUNDLE_IDENTIFIER = YiHyun.Suni;
				PRODUCT_NAME = "$(TARGET_NAME)";
				SWIFT_OBJC_BRIDGING_HEADER = "Resources/FSCalendar/Suni-Bridging-Header.h";
				SWIFT_VERSION = 5.0;
				TARGETED_DEVICE_FAMILY = 1;
			};
			name = Release;
		};
/* End XCBuildConfiguration section */

/* Begin XCConfigurationList section */
		768D679825B86FC80053DE0C /* Build configuration list for PBXProject "Suni" */ = {
			isa = XCConfigurationList;
			buildConfigurations = (
				768D67B225B86FC80053DE0C /* Debug */,
				768D67B325B86FC80053DE0C /* Release */,
			);
			defaultConfigurationIsVisible = 0;
			defaultConfigurationName = Release;
		};
		768D67B425B86FC80053DE0C /* Build configuration list for PBXNativeTarget "Suni" */ = {
			isa = XCConfigurationList;
			buildConfigurations = (
				768D67B525B86FC80053DE0C /* Debug */,
				768D67B625B86FC80053DE0C /* Release */,
			);
			defaultConfigurationIsVisible = 0;
			defaultConfigurationName = Release;
		};
/* End XCConfigurationList section */

/* Begin XCVersionGroup section */
		768D67A925B86FC80053DE0C /* Suni.xcdatamodeld */ = {
			isa = XCVersionGroup;
			children = (
				768D67AA25B86FC80053DE0C /* Suni.xcdatamodel */,
			);
			currentVersion = 768D67AA25B86FC80053DE0C /* Suni.xcdatamodel */;
			path = Suni.xcdatamodeld;
			sourceTree = "<group>";
			versionGroupType = wrapper.xcdatamodel;
		};
/* End XCVersionGroup section */
	};
	rootObject = 768D679525B86FC80053DE0C /* Project object */;
}
